
Microsoft Visual Studio Solution File, Format Version 12.00
# Visual Studio Version 17
VisualStudioVersion = 17.14.36414.22 d17.14
MinimumVisualStudioVersion = 10.0.40219.1
Project("{FAE04EC0-301F-11D3-BF4B-00C04F79EFBC}") = "StudyFlow", "StudyFlow\StudyFlow.csproj", "{631D2031-4E1F-420E-B48E-3DC2D1A060D0}"
EndProject
Global
	GlobalSection(SolutionConfigurationPlatforms) = preSolution
		Debug|Any CPU = Debug|Any CPU
		Release|Any CPU = Release|Any CPU
	EndGlobalSection
	GlobalSection(ProjectConfigurationPlatforms) = postSolution
		{631D2031-4E1F-420E-B48E-3DC2D1A060D0}.Debug|Any CPU.ActiveCfg = Debug|Any CPU
		{631D2031-4E1F-420E-B48E-3DC2D1A060D0}.Debug|Any CPU.Build.0 = Debug|Any CPU
		{631D2031-4E1F-420E-B48E-3DC2D1A060D0}.Release|Any CPU.ActiveCfg = Release|Any CPU
		{631D2031-4E1F-420E-B48E-3DC2D1A060D0}.Release|Any CPU.Build.0 = Release|Any CPU
	EndGlobalSection
	GlobalSection(SolutionProperties) = preSolution
		HideSolutionNode = FALSE
	EndGlobalSection
	GlobalSection(ExtensibilityGlobals) = postSolution
		SolutionGuid = {FBEFE225-A35A-424B-8576-6C37C12083E6}
	EndGlobalSection
EndGlobal
